
Microsoft Visual Studio Solution File, Format Version 12.00
# Visual Studio Version 17
VisualStudioVersion = 17.6.33829.357
MinimumVisualStudioVersion = 10.0.40219.1
Project("{FAE04EC0-301F-11D3-BF4B-00C04F79EFBC}") = "AnythingIsBetterThanCisco", "AnythingIsBetterThanCisco.csproj", "{333FF1D8-76C6-4DC4-8743-AC45B2DF4EDB}"
EndProject
Global
	GlobalSection(SolutionConfigurationPlatforms) = preSolution
		Debug|Any CPU = Debug|Any CPU
		Release|Any CPU = Release|Any CPU
	EndGlobalSection
	GlobalSection(ProjectConfigurationPlatforms) = postSolution
		{333FF1D8-76C6-4DC4-8743-AC45B2DF4EDB}.Debug|Any CPU.ActiveCfg = Debug|Any CPU
		{333FF1D8-76C6-4DC4-8743-AC45B2DF4EDB}.Debug|Any CPU.Build.0 = Debug|Any CPU
		{333FF1D8-76C6-4DC4-8743-AC45B2DF4EDB}.Release|Any CPU.ActiveCfg = Release|Any CPU
		{333FF1D8-76C6-4DC4-8743-AC45B2DF4EDB}.Release|Any CPU.Build.0 = Release|Any CPU
	EndGlobalSection
	GlobalSection(SolutionProperties) = preSolution
		HideSolutionNode = FALSE
	EndGlobalSection
	GlobalSection(ExtensibilityGlobals) = postSolution
		SolutionGuid = {4927BA0C-E84D-4DF9-AD74-7C4AAAF31E68}
	EndGlobalSection
EndGlobal
